// !$*UTF8*$!
{
	archiveVersion = 1;
	classes = {
	};
	objectVersion = 50;
	objects = {

/* Begin PBXBuildFile section */
		C7E793CF24B851EA00341DFC /* AppDelegate.swift in Sources */ = {isa = PBXBuildFile; fileRef = C7E793CE24B851EA00341DFC /* AppDelegate.swift */; };
		C7E793D124B851EA00341DFC /* SceneDelegate.swift in Sources */ = {isa = PBXBuildFile; fileRef = C7E793D024B851EA00341DFC /* SceneDelegate.swift */; };
		C7E793D324B851EA00341DFC /* ViewController.swift in Sources */ = {isa = PBXBuildFile; fileRef = C7E793D224B851EA00341DFC /* ViewController.swift */; };
		C7E793D624B851EA00341DFC /* Main.storyboard in Resources */ = {isa = PBXBuildFile; fileRef = C7E793D424B851EA00341DFC /* Main.storyboard */; };
		C7E793D824B851ED00341DFC /* Assets.xcassets in Resources */ = {isa = PBXBuildFile; fileRef = C7E793D724B851ED00341DFC /* Assets.xcassets */; };
		C7E793DB24B851ED00341DFC /* LaunchScreen.storyboard in Resources */ = {isa = PBXBuildFile; fileRef = C7E793D924B851ED00341DFC /* LaunchScreen.storyboard */; };
		C7E793E324B8613100341DFC /* PersonCell.swift in Sources */ = {isa = PBXBuildFile; fileRef = C7E793E224B8613100341DFC /* PersonCell.swift */; };
		C7FF6B4424B8A24E00D484B9 /* Person.swift in Sources */ = {isa = PBXBuildFile; fileRef = C7FF6B4324B8A24E00D484B9 /* Person.swift */; };
/* End PBXBuildFile section */

/* Begin PBXFileReference section */
		C7E793CB24B851EA00341DFC /* project12a.app */ = {isa = PBXFileReference; explicitFileType = wrapper.application; includeInIndex = 0; path = project12a.app; sourceTree = BUILT_PRODUCTS_DIR; };
		C7E793CE24B851EA00341DFC /* AppDelegate.swift */ = {isa = PBXFileReference; lastKnownFileType = sourcecode.swift; path = AppDelegate.swift; sourceTree = "<group>"; };
		C7E793D024B851EA00341DFC /* SceneDelegate.swift */ = {isa = PBXFileReference; lastKnownFileType = sourcecode.swift; path = SceneDelegate.swift; sourceTree = "<group>"; };
		C7E793D224B851EA00341DFC /* ViewController.swift */ = {isa = PBXFileReference; lastKnownFileType = sourcecode.swift; path = ViewController.swift; sourceTree = "<group>"; };
		C7E793D524B851EA00341DFC /* Base */ = {isa = PBXFileReference; lastKnownFileType = file.storyboard; name = Base; path = Base.lproj/Main.storyboard; sourceTree = "<group>"; };
		C7E793D724B851ED00341DFC /* Assets.xcassets */ = {isa = PBXFileReference; lastKnownFileType = folder.assetcatalog; path = Assets.xcassets; sourceTree = "<group>"; };
		C7E793DA24B851ED00341DFC /* Base */ = {isa = PBXFileReference; lastKnownFileType = file.storyboard; name = Base; path = Base.lproj/LaunchScreen.storyboard; sourceTree = "<group>"; };
		C7E793DC24B851ED00341DFC /* Info.plist */ = {isa = PBXFileReference; lastKnownFileType = text.plist.xml; path = Info.plist; sourceTree = "<group>"; };
		C7E793E224B8613100341DFC /* PersonCell.swift */ = {isa = PBXFileReference; lastKnownFileType = sourcecode.swift; path = PersonCell.swift; sourceTree = "<group>"; };
		C7FF6B4324B8A24E00D484B9 /* Person.swift */ = {isa = PBXFileReference; lastKnownFileType = sourcecode.swift; path = Person.swift; sourceTree = "<group>"; };
/* End PBXFileReference section */

/* Begin PBXFrameworksBuildPhase section */
		C7E793C824B851EA00341DFC /* Frameworks */ = {
			isa = PBXFrameworksBuildPhase;
			buildActionMask = 2147483647;
			files = (
			);
			runOnlyForDeploymentPostprocessing = 0;
		};
/* End PBXFrameworksBuildPhase section */

/* Begin PBXGroup section */
		C7E793C224B851EA00341DFC = {
			isa = PBXGroup;
			children = (
				C7E793CD24B851EA00341DFC /* project12a */,
				C7E793CC24B851EA00341DFC /* Products */,
			);
			sourceTree = "<group>";
		};
		C7E793CC24B851EA00341DFC /* Products */ = {
			isa = PBXGroup;
			children = (
				C7E793CB24B851EA00341DFC /* project12a.app */,
			);
			name = Products;
			sourceTree = "<group>";
		};
		C7E793CD24B851EA00341DFC /* project12a */ = {
			isa = PBXGroup;
			children = (
				C7E793CE24B851EA00341DFC /* AppDelegate.swift */,
				C7E793D024B851EA00341DFC /* SceneDelegate.swift */,
				C7E793D224B851EA00341DFC /* ViewController.swift */,
				C7FF6B4324B8A24E00D484B9 /* Person.swift */,
				C7E793D424B851EA00341DFC /* Main.storyboard */,
				C7E793E224B8613100341DFC /* PersonCell.swift */,
				C7E793D724B851ED00341DFC /* Assets.xcassets */,
				C7E793D924B851ED00341DFC /* LaunchScreen.storyboard */,
				C7E793DC24B851ED00341DFC /* Info.plist */,
			);
			path = project12a;
			sourceTree = "<group>";
		};
/* End PBXGroup section */

/* Begin PBXNativeTarget section */
		C7E793CA24B851EA00341DFC /* project12a */ = {
			isa = PBXNativeTarget;
			buildConfigurationList = C7E793DF24B851ED00341DFC /* Build configuration list for PBXNativeTarget "project12a" */;
			buildPhases = (
				C7E793C724B851EA00341DFC /* Sources */,
				C7E793C824B851EA00341DFC /* Frameworks */,
				C7E793C924B851EA00341DFC /* Resources */,
			);
			buildRules = (
			);
			dependencies = (
			);
			name = project12a;
			productName = project10;
			productReference = C7E793CB24B851EA00341DFC /* project12a.app */;
			productType = "com.apple.product-type.application";
		};
/* End PBXNativeTarget section */

/* Begin PBXProject section */
		C7E793C324B851EA00341DFC /* Project object */ = {
			isa = PBXProject;
			attributes = {
				LastSwiftUpdateCheck = 1150;
				LastUpgradeCheck = 1150;
				ORGANIZATIONNAME = user165519;
				TargetAttributes = {
					C7E793CA24B851EA00341DFC = {
						CreatedOnToolsVersion = 11.5;
					};
				};
			};
			buildConfigurationList = C7E793C624B851EA00341DFC /* Build configuration list for PBXProject "project12a" */;
			compatibilityVersion = "Xcode 9.3";
			developmentRegion = en;
			hasScannedForEncodings = 0;
			knownRegions = (
				en,
				Base,
			);
			mainGroup = C7E793C224B851EA00341DFC;
			productRefGroup = C7E793CC24B851EA00341DFC /* Products */;
			projectDirPath = "";
			projectRoot = "";
			targets = (
				C7E793CA24B851EA00341DFC /* project12a */,
			);
		};
/* End PBXProject section */

/* Begin PBXResourcesBuildPhase section */
		C7E793C924B851EA00341DFC /* Resources */ = {
			isa = PBXResourcesBuildPhase;
			buildActionMask = 2147483647;
			files = (
				C7E793DB24B851ED00341DFC /* LaunchScreen.storyboard in Resources */,
				C7E793D824B851ED00341DFC /* Assets.xcassets in Resources */,
				C7E793D624B851EA00341DFC /* Main.storyboard in Resources */,
			);
			runOnlyForDeploymentPostprocessing = 0;
		};
/* End PBXResourcesBuildPhase section */

/* Begin PBXSourcesBuildPhase section */
		C7E793C724B851EA00341DFC /* Sources */ = {
			isa = PBXSourcesBuildPhase;
			buildActionMask = 2147483647;
			files = (
				C7FF6B4424B8A24E00D484B9 /* Person.swift in Sources */,
				C7E793D324B851EA00341DFC /* ViewController.swift in Sources */,
				C7E793CF24B851EA00341DFC /* AppDelegate.swift in Sources */,
				C7E793E324B8613100341DFC /* PersonCell.swift in Sources */,
				C7E793D124B851EA00341DFC /* SceneDelegate.swift in Sources */,
			);
			runOnlyForDeploymentPostprocessing = 0;
		};
/* End PBXSourcesBuildPhase section */

/* Begin PBXVariantGroup section */
		C7E793D424B851EA00341DFC /* Main.storyboard */ = {
			isa = PBXVariantGroup;
			children = (
				C7E793D524B851EA00341DFC /* Base */,
			);
			name = Main.storyboard;
			sourceTree = "<group>";
		};
		C7E793D924B851ED00341DFC /* LaunchScreen.storyboard */ = {
			isa = PBXVariantGroup;
			children = (
				C7E793DA24B851ED00341DFC /* Base */,
			);
			name = LaunchScreen.storyboard;
			sourceTree = "<group>";
		};
/* End PBXVariantGroup section */

/* Begin XCBuildConfiguration section */
		C7E793DD24B851ED00341DFC /* Debug */ = {
			isa = XCBuildConfiguration;
			buildSettings = {
				ALWAYS_SEARCH_USER_PATHS = NO;
				CLANG_ANALYZER_NONNULL = YES;
				CLANG_ANALYZER_NUMBER_OBJECT_CONVERSION = YES_AGGRESSIVE;
				CLANG_CXX_LANGUAGE_STANDARD = "gnu++14";
				CLANG_CXX_LIBRARY = "libc++";
				CLANG_ENABLE_MODULES = YES;
				CLANG_ENABLE_OBJC_ARC = YES;
				CLANG_ENABLE_OBJC_WEAK = YES;
				CLANG_WARN_BLOCK_CAPTURE_AUTORELEASING = YES;
				CLANG_WARN_BOOL_CONVERSION = YES;
				CLANG_WARN_COMMA = YES;
				CLANG_WARN_CONSTANT_CONVERSION = YES;
				CLANG_WARN_DEPRECATED_OBJC_IMPLEMENTATIONS = YES;
				CLANG_WARN_DIRECT_OBJC_ISA_USAGE = YES_ERROR;
				CLANG_WARN_DOCUMENTATION_COMMENTS = YES;
				CLANG_WARN_EMPTY_BODY = YES;
				CLANG_WARN_ENUM_CONVERSION = YES;
				CLANG_WARN_INFINITE_RECURSION = YES;
				CLANG_WARN_INT_CONVERSION = YES;
				CLANG_WARN_NON_LITERAL_NULL_CONVERSION = YES;
				CLANG_WARN_OBJC_IMPLICIT_RETAIN_SELF = YES;
				CLANG_WARN_OBJC_LITERAL_CONVERSION = YES;
				CLANG_WARN_OBJC_ROOT_CLASS = YES_ERROR;
				CLANG_WARN_RANGE_LOOP_ANALYSIS = YES;
				CLANG_WARN_STRICT_PROTOTYPES = YES;
				CLANG_WARN_SUSPICIOUS_MOVE = YES;
				CLANG_WARN_UNGUARDED_AVAILABILITY = YES_AGGRESSIVE;
				CLANG_WARN_UNREACHABLE_CODE = YES;
				CLANG_WARN__DUPLICATE_METHOD_MATCH = YES;
				COPY_PHASE_STRIP = NO;
				DEBUG_INFORMATION_FORMAT = dwarf;
				ENABLE_STRICT_OBJC_MSGSEND = YES;
				ENABLE_TESTABILITY = YES;
				GCC_C_LANGUAGE_STANDARD = gnu11;
				GCC_DYNAMIC_NO_PIC = NO;
				GCC_NO_COMMON_BLOCKS = YES;
				GCC_OPTIMIZATION_LEVEL = 0;
				GCC_PREPROCESSOR_DEFINITIONS = (
					"DEBUG=1",
					"$(inherited)",
				);
				GCC_WARN_64_TO_32_BIT_CONVERSION = YES;
				GCC_WARN_ABOUT_RETURN_TYPE = YES_ERROR;
				GCC_WARN_UNDECLARED_SELECTOR = YES;
				GCC_WARN_UNINITIALIZED_AUTOS = YES_AGGRESSIVE;
				GCC_WARN_UNUSED_FUNCTION = YES;
				GCC_WARN_UNUSED_VARIABLE = YES;
				IPHONEOS_DEPLOYMENT_TARGET = 13.5;
				MTL_ENABLE_DEBUG_INFO = INCLUDE_SOURCE;
				MTL_FAST_MATH = YES;
				ONLY_ACTIVE_ARCH = YES;
				SDKROOT = iphoneos;
				SWIFT_ACTIVE_COMPILATION_CONDITIONS = DEBUG;
				SWIFT_OPTIMIZATION_LEVEL = "-Onone";
			};
			name = Debug;
		};
		C7E793DE24B851ED00341DFC /* Release */ = {
			isa = XCBuildConfiguration;
			buildSettings = {
				ALWAYS_SEARCH_USER_PATHS = NO;
				CLANG_ANALYZER_NONNULL = YES;
				CLANG_ANALYZER_NUMBER_OBJECT_CONVERSION = YES_AGGRESSIVE;
				CLANG_CXX_LANGUAGE_STANDARD = "gnu++14";
				CLANG_CXX_LIBRARY = "libc++";
				CLANG_ENABLE_MODULES = YES;
				CLANG_ENABLE_OBJC_ARC = YES;
				CLANG_ENABLE_OBJC_WEAK = YES;
				CLANG_WARN_BLOCK_CAPTURE_AUTORELEASING = YES;
				CLANG_WARN_BOOL_CONVERSION = YES;
				CLANG_WARN_COMMA = YES;
				CLANG_WARN_CONSTANT_CONVERSION = YES;
				CLANG_WARN_DEPRECATED_OBJC_IMPLEMENTATIONS = YES;
				CLANG_WARN_DIRECT_OBJC_ISA_USAGE = YES_ERROR;
				CLANG_WARN_DOCUMENTATION_COMMENTS = YES;
				CLANG_WARN_EMPTY_BODY = YES;
				CLANG_WARN_ENUM_CONVERSION = YES;
				CLANG_WARN_INFINITE_RECURSION = YES;
				CLANG_WARN_INT_CONVERSION = YES;
				CLANG_WARN_NON_LITERAL_NULL_CONVERSION = YES;
				CLANG_WARN_OBJC_IMPLICIT_RETAIN_SELF = YES;
				CLANG_WARN_OBJC_LITERAL_CONVERSION = YES;
				CLANG_WARN_OBJC_ROOT_CLASS = YES_ERROR;
				CLANG_WARN_RANGE_LOOP_ANALYSIS = YES;
				CLANG_WARN_STRICT_PROTOTYPES = YES;
				CLANG_WARN_SUSPICIOUS_MOVE = YES;
				CLANG_WARN_UNGUARDED_AVAILABILITY = YES_AGGRESSIVE;
				CLANG_WARN_UNREACHABLE_CODE = YES;
				CLANG_WARN__DUPLICATE_METHOD_MATCH = YES;
				COPY_PHASE_STRIP = NO;
				DEBUG_INFORMATION_FORMAT = "dwarf-with-dsym";
				ENABLE_NS_ASSERTIONS = NO;
				ENABLE_STRICT_OBJC_MSGSEND = YES;
				GCC_C_LANGUAGE_STANDARD = gnu11;
				GCC_NO_COMMON_BLOCKS = YES;
				GCC_WARN_64_TO_32_BIT_CONVERSION = YES;
				GCC_WARN_ABOUT_RETURN_TYPE = YES_ERROR;
				GCC_WARN_UNDECLARED_SELECTOR = YES;
				GCC_WARN_UNINITIALIZED_AUTOS = YES_AGGRESSIVE;
				GCC_WARN_UNUSED_FUNCTION = YES;
				GCC_WARN_UNUSED_VARIABLE = YES;
				IPHONEOS_DEPLOYMENT_TARGET = 13.5;
				MTL_ENABLE_DEBUG_INFO = NO;
				MTL_FAST_MATH = YES;
				SDKROOT = iphoneos;
				SWIFT_COMPILATION_MODE = wholemodule;
				SWIFT_OPTIMIZATION_LEVEL = "-O";
				VALIDATE_PRODUCT = YES;
			};
			name = Release;
		};
		C7E793E024B851ED00341DFC /* Debug */ = {
			isa = XCBuildConfiguration;
			buildSettings = {
				ASSETCATALOG_COMPILER_APPICON_NAME = AppIcon;
				CODE_SIGN_STYLE = Automatic;
				INFOPLIST_FILE = project12a/Info.plist;
				LD_RUNPATH_SEARCH_PATHS = (
					"$(inherited)",
					"@executable_path/Frameworks",
				);
				PRODUCT_BUNDLE_IDENTIFIER = user165519.project12a;
				PRODUCT_NAME = project12a;
				SWIFT_VERSION = 5.0;
				TARGETED_DEVICE_FAMILY = "1,2";
			};
			name = Debug;
		};
		C7E793E124B851ED00341DFC /* Release */ = {
			isa = XCBuildConfiguration;
			buildSettings = {
				ASSETCATALOG_COMPILER_APPICON_NAME = AppIcon;
				CODE_SIGN_STYLE = Automatic;
				INFOPLIST_FILE = project12a/Info.plist;
				LD_RUNPATH_SEARCH_PATHS = (
					"$(inherited)",
					"@executable_path/Frameworks",
				);
				PRODUCT_BUNDLE_IDENTIFIER = user165519.project12a;
				PRODUCT_NAME = project12a;
				SWIFT_VERSION = 5.0;
				TARGETED_DEVICE_FAMILY = "1,2";
			};
			name = Release;
		};
/* End XCBuildConfiguration section */

/* Begin XCConfigurationList section */
		C7E793C624B851EA00341DFC /* Build configuration list for PBXProject "project12a" */ = {
			isa = XCConfigurationList;
			buildConfigurations = (
				C7E793DD24B851ED00341DFC /* Debug */,
				C7E793DE24B851ED00341DFC /* Release */,
			);
			defaultConfigurationIsVisible = 0;
			defaultConfigurationName = Release;
		};
		C7E793DF24B851ED00341DFC /* Build configuration list for PBXNativeTarget "project12a" */ = {
			isa = XCConfigurationList;
			buildConfigurations = (
				C7E793E024B851ED00341DFC /* Debug */,
				C7E793E124B851ED00341DFC /* Release */,
			);
			defaultConfigurationIsVisible = 0;
			defaultConfigurationName = Release;
		};
/* End XCConfigurationList section */
	};
	rootObject = C7E793C324B851EA00341DFC /* Project object */;
}
